
Microsoft Visual Studio Solution File, Format Version 12.00
# Visual Studio Version 17
VisualStudioVersion = 17.13.35931.197
MinimumVisualStudioVersion = 10.0.40219.1
Project("{FAE04EC0-301F-11D3-BF4B-00C04F79EFBC}") = "QLNS", "QLNS.csproj", "{502C9A01-F879-4AC5-A1C3-6B4273D07824}"
EndProject
Project("{FAE04EC0-301F-11D3-BF4B-00C04F79EFBC}") = "BUS", "..\ClassLibrary1\BUS.csproj", "{45137A2B-84A8-4E2C-A4A3-D2BEAB46ACDC}"
EndProject
Project("{FAE04EC0-301F-11D3-BF4B-00C04F79EFBC}") = "DAL", "..\ClassLibrary2\DAL.csproj", "{50C1F19F-60A9-405E-9E6F-F36CBFB1F1EE}"
EndProject
Project("{FAE04EC0-301F-11D3-BF4B-00C04F79EFBC}") = "ET", "..\ClassLibrary3\ET.csproj", "{A1603222-B15B-4595-8E59-5722610EF21F}"
EndProject
Global
	GlobalSection(SolutionConfigurationPlatforms) = preSolution
		Debug|Any CPU = Debug|Any CPU
		Release|Any CPU = Release|Any CPU
	EndGlobalSection
	GlobalSection(ProjectConfigurationPlatforms) = postSolution
		{502C9A01-F879-4AC5-A1C3-6B4273D07824}.Debug|Any CPU.ActiveCfg = Debug|Any CPU
		{502C9A01-F879-4AC5-A1C3-6B4273D07824}.Debug|Any CPU.Build.0 = Debug|Any CPU
		{502C9A01-F879-4AC5-A1C3-6B4273D07824}.Release|Any CPU.ActiveCfg = Release|Any CPU
		{502C9A01-F879-4AC5-A1C3-6B4273D07824}.Release|Any CPU.Build.0 = Release|Any CPU
		{45137A2B-84A8-4E2C-A4A3-D2BEAB46ACDC}.Debug|Any CPU.ActiveCfg = Debug|Any CPU
		{45137A2B-84A8-4E2C-A4A3-D2BEAB46ACDC}.Debug|Any CPU.Build.0 = Debug|Any CPU
		{45137A2B-84A8-4E2C-A4A3-D2BEAB46ACDC}.Release|Any CPU.ActiveCfg = Release|Any CPU
		{45137A2B-84A8-4E2C-A4A3-D2BEAB46ACDC}.Release|Any CPU.Build.0 = Release|Any CPU
		{50C1F19F-60A9-405E-9E6F-F36CBFB1F1EE}.Debug|Any CPU.ActiveCfg = Debug|Any CPU
		{50C1F19F-60A9-405E-9E6F-F36CBFB1F1EE}.Debug|Any CPU.Build.0 = Debug|Any CPU
		{50C1F19F-60A9-405E-9E6F-F36CBFB1F1EE}.Release|Any CPU.ActiveCfg = Release|Any CPU
		{50C1F19F-60A9-405E-9E6F-F36CBFB1F1EE}.Release|Any CPU.Build.0 = Release|Any CPU
		{A1603222-B15B-4595-8E59-5722610EF21F}.Debug|Any CPU.ActiveCfg = Debug|Any CPU
		{A1603222-B15B-4595-8E59-5722610EF21F}.Debug|Any CPU.Build.0 = Debug|Any CPU
		{A1603222-B15B-4595-8E59-5722610EF21F}.Release|Any CPU.ActiveCfg = Release|Any CPU
		{A1603222-B15B-4595-8E59-5722610EF21F}.Release|Any CPU.Build.0 = Release|Any CPU
	EndGlobalSection
	GlobalSection(SolutionProperties) = preSolution
		HideSolutionNode = FALSE
	EndGlobalSection
	GlobalSection(ExtensibilityGlobals) = postSolution
		SolutionGuid = {4A447E87-E8E8-460D-BACB-4B0A5203FC50}
	EndGlobalSection
EndGlobal
